
Microsoft Visual Studio Solution File, Format Version 12.00
# Visual Studio 15
Project("{FAE04EC0-301F-11D3-BF4B-00C04F79EFBC}") = "CalculatorForTest2.Android", "CalculatorForTest2.Android\CalculatorForTest2.Android.csproj", "{D909C044-41FA-4F4E-B769-05F968C0F3E1}"
EndProject
Project("{FAE04EC0-301F-11D3-BF4B-00C04F79EFBC}") = "CalculatorForTest2.iOS", "CalculatorForTest2.iOS\CalculatorForTest2.iOS.csproj", "{DB21AA6D-F771-47BC-B58B-AEAC2BE787E6}"
EndProject
Project("{FAE04EC0-301F-11D3-BF4B-00C04F79EFBC}") = "CalculatorForTest2.UITests", "CalculatorForTest2.UITests\CalculatorForTest2.UITests.csproj", "{B19C892E-2628-4CA7-AD27-08D406A3B14B}"
EndProject
Project("{FAE04EC0-301F-11D3-BF4B-00C04F79EFBC}") = "CalculatorForTest2", "CalculatorForTest2\CalculatorForTest2.csproj", "{A7A52FCD-0E40-4FA6-A817-54C91BEE9D1E}"
EndProject
Global
	GlobalSection(SolutionConfigurationPlatforms) = preSolution
		Debug|Any CPU = Debug|Any CPU
		Release|Any CPU = Release|Any CPU
		Debug|iPhoneSimulator = Debug|iPhoneSimulator
		Release|iPhoneSimulator = Release|iPhoneSimulator
		Debug|iPhone = Debug|iPhone
		Release|iPhone = Release|iPhone
		Ad-Hoc|iPhone = Ad-Hoc|iPhone
		AppStore|iPhone = AppStore|iPhone
	EndGlobalSection
	GlobalSection(ProjectConfigurationPlatforms) = postSolution
		{D909C044-41FA-4F4E-B769-05F968C0F3E1}.Debug|Any CPU.ActiveCfg = Debug|Any CPU
		{D909C044-41FA-4F4E-B769-05F968C0F3E1}.Debug|Any CPU.Build.0 = Debug|Any CPU
		{D909C044-41FA-4F4E-B769-05F968C0F3E1}.Release|Any CPU.ActiveCfg = Release|Any CPU
		{D909C044-41FA-4F4E-B769-05F968C0F3E1}.Release|Any CPU.Build.0 = Release|Any CPU
		{D909C044-41FA-4F4E-B769-05F968C0F3E1}.Debug|iPhoneSimulator.ActiveCfg = Debug|Any CPU
		{D909C044-41FA-4F4E-B769-05F968C0F3E1}.Debug|iPhoneSimulator.Build.0 = Debug|Any CPU
		{D909C044-41FA-4F4E-B769-05F968C0F3E1}.Release|iPhoneSimulator.ActiveCfg = Release|Any CPU
		{D909C044-41FA-4F4E-B769-05F968C0F3E1}.Release|iPhoneSimulator.Build.0 = Release|Any CPU
		{D909C044-41FA-4F4E-B769-05F968C0F3E1}.Debug|iPhone.ActiveCfg = Debug|Any CPU
		{D909C044-41FA-4F4E-B769-05F968C0F3E1}.Debug|iPhone.Build.0 = Debug|Any CPU
		{D909C044-41FA-4F4E-B769-05F968C0F3E1}.Release|iPhone.ActiveCfg = Release|Any CPU
		{D909C044-41FA-4F4E-B769-05F968C0F3E1}.Release|iPhone.Build.0 = Release|Any CPU
		{D909C044-41FA-4F4E-B769-05F968C0F3E1}.Ad-Hoc|iPhone.ActiveCfg = Debug|Any CPU
		{D909C044-41FA-4F4E-B769-05F968C0F3E1}.Ad-Hoc|iPhone.Build.0 = Debug|Any CPU
		{D909C044-41FA-4F4E-B769-05F968C0F3E1}.AppStore|iPhone.ActiveCfg = Debug|Any CPU
		{D909C044-41FA-4F4E-B769-05F968C0F3E1}.AppStore|iPhone.Build.0 = Debug|Any CPU
		{DB21AA6D-F771-47BC-B58B-AEAC2BE787E6}.Debug|Any CPU.ActiveCfg = Debug|iPhoneSimulator
		{DB21AA6D-F771-47BC-B58B-AEAC2BE787E6}.Debug|Any CPU.Build.0 = Debug|iPhoneSimulator
		{DB21AA6D-F771-47BC-B58B-AEAC2BE787E6}.Release|Any CPU.ActiveCfg = Release|iPhoneSimulator
		{DB21AA6D-F771-47BC-B58B-AEAC2BE787E6}.Release|Any CPU.Build.0 = Release|iPhoneSimulator
		{DB21AA6D-F771-47BC-B58B-AEAC2BE787E6}.Debug|iPhoneSimulator.ActiveCfg = Debug|iPhoneSimulator
		{DB21AA6D-F771-47BC-B58B-AEAC2BE787E6}.Debug|iPhoneSimulator.Build.0 = Debug|iPhoneSimulator
		{DB21AA6D-F771-47BC-B58B-AEAC2BE787E6}.Release|iPhoneSimulator.ActiveCfg = Release|iPhoneSimulator
		{DB21AA6D-F771-47BC-B58B-AEAC2BE787E6}.Release|iPhoneSimulator.Build.0 = Release|iPhoneSimulator
		{DB21AA6D-F771-47BC-B58B-AEAC2BE787E6}.Debug|iPhone.ActiveCfg = Debug|iPhone
		{DB21AA6D-F771-47BC-B58B-AEAC2BE787E6}.Debug|iPhone.Build.0 = Debug|iPhone
		{DB21AA6D-F771-47BC-B58B-AEAC2BE787E6}.Release|iPhone.ActiveCfg = Release|iPhone
		{DB21AA6D-F771-47BC-B58B-AEAC2BE787E6}.Release|iPhone.Build.0 = Release|iPhone
		{DB21AA6D-F771-47BC-B58B-AEAC2BE787E6}.Ad-Hoc|iPhone.ActiveCfg = Ad-Hoc|iPhone
		{DB21AA6D-F771-47BC-B58B-AEAC2BE787E6}.Ad-Hoc|iPhone.Build.0 = Ad-Hoc|iPhone
		{DB21AA6D-F771-47BC-B58B-AEAC2BE787E6}.AppStore|iPhone.ActiveCfg = AppStore|iPhone
		{DB21AA6D-F771-47BC-B58B-AEAC2BE787E6}.AppStore|iPhone.Build.0 = AppStore|iPhone
		{B19C892E-2628-4CA7-AD27-08D406A3B14B}.Debug|Any CPU.ActiveCfg = Debug|Any CPU
		{B19C892E-2628-4CA7-AD27-08D406A3B14B}.Debug|Any CPU.Build.0 = Debug|Any CPU
		{B19C892E-2628-4CA7-AD27-08D406A3B14B}.Release|Any CPU.ActiveCfg = Release|Any CPU
		{B19C892E-2628-4CA7-AD27-08D406A3B14B}.Release|Any CPU.Build.0 = Release|Any CPU
		{B19C892E-2628-4CA7-AD27-08D406A3B14B}.Debug|iPhoneSimulator.ActiveCfg = Debug|Any CPU
		{B19C892E-2628-4CA7-AD27-08D406A3B14B}.Debug|iPhoneSimulator.Build.0 = Debug|Any CPU
		{B19C892E-2628-4CA7-AD27-08D406A3B14B}.Release|iPhoneSimulator.ActiveCfg = Release|Any CPU
		{B19C892E-2628-4CA7-AD27-08D406A3B14B}.Release|iPhoneSimulator.Build.0 = Release|Any CPU
		{B19C892E-2628-4CA7-AD27-08D406A3B14B}.Debug|iPhone.ActiveCfg = Debug|Any CPU
		{B19C892E-2628-4CA7-AD27-08D406A3B14B}.Debug|iPhone.Build.0 = Debug|Any CPU
		{B19C892E-2628-4CA7-AD27-08D406A3B14B}.Release|iPhone.ActiveCfg = Release|Any CPU
		{B19C892E-2628-4CA7-AD27-08D406A3B14B}.Release|iPhone.Build.0 = Release|Any CPU
		{B19C892E-2628-4CA7-AD27-08D406A3B14B}.Ad-Hoc|iPhone.ActiveCfg = Debug|Any CPU
		{B19C892E-2628-4CA7-AD27-08D406A3B14B}.Ad-Hoc|iPhone.Build.0 = Debug|Any CPU
		{B19C892E-2628-4CA7-AD27-08D406A3B14B}.AppStore|iPhone.ActiveCfg = Debug|Any CPU
		{B19C892E-2628-4CA7-AD27-08D406A3B14B}.AppStore|iPhone.Build.0 = Debug|Any CPU
		{A7A52FCD-0E40-4FA6-A817-54C91BEE9D1E}.Debug|Any CPU.ActiveCfg = Debug|Any CPU
		{A7A52FCD-0E40-4FA6-A817-54C91BEE9D1E}.Debug|Any CPU.Build.0 = Debug|Any CPU
		{A7A52FCD-0E40-4FA6-A817-54C91BEE9D1E}.Release|Any CPU.ActiveCfg = Release|Any CPU
		{A7A52FCD-0E40-4FA6-A817-54C91BEE9D1E}.Release|Any CPU.Build.0 = Release|Any CPU
		{A7A52FCD-0E40-4FA6-A817-54C91BEE9D1E}.Debug|iPhoneSimulator.ActiveCfg = Debug|Any CPU
		{A7A52FCD-0E40-4FA6-A817-54C91BEE9D1E}.Debug|iPhoneSimulator.Build.0 = Debug|Any CPU
		{A7A52FCD-0E40-4FA6-A817-54C91BEE9D1E}.Release|iPhoneSimulator.ActiveCfg = Release|Any CPU
		{A7A52FCD-0E40-4FA6-A817-54C91BEE9D1E}.Release|iPhoneSimulator.Build.0 = Release|Any CPU
		{A7A52FCD-0E40-4FA6-A817-54C91BEE9D1E}.Debug|iPhone.ActiveCfg = Debug|Any CPU
		{A7A52FCD-0E40-4FA6-A817-54C91BEE9D1E}.Debug|iPhone.Build.0 = Debug|Any CPU
		{A7A52FCD-0E40-4FA6-A817-54C91BEE9D1E}.Release|iPhone.ActiveCfg = Release|Any CPU
		{A7A52FCD-0E40-4FA6-A817-54C91BEE9D1E}.Release|iPhone.Build.0 = Release|Any CPU
		{A7A52FCD-0E40-4FA6-A817-54C91BEE9D1E}.Ad-Hoc|iPhone.ActiveCfg = Debug|Any CPU
		{A7A52FCD-0E40-4FA6-A817-54C91BEE9D1E}.Ad-Hoc|iPhone.Build.0 = Debug|Any CPU
		{A7A52FCD-0E40-4FA6-A817-54C91BEE9D1E}.AppStore|iPhone.ActiveCfg = Debug|Any CPU
		{A7A52FCD-0E40-4FA6-A817-54C91BEE9D1E}.AppStore|iPhone.Build.0 = Debug|Any CPU
	EndGlobalSection
EndGlobal
